
Microsoft Visual Studio Solution File, Format Version 12.00
# Visual Studio 15
VisualStudioVersion = 15.0.27703.2042
MinimumVisualStudioVersion = 10.0.40219.1
Project("{9A19103F-16F7-4668-BE54-9A1E7A4F7556}") = "duca_gateway", "duca_gateway\duca_gateway.csproj", "{B3134308-F5A7-463F-BE16-7B3413914601}"
EndProject
Global
	GlobalSection(SolutionConfigurationPlatforms) = preSolution
		Connectria|Any CPU = Connectria|Any CPU
		Debug|Any CPU = Debug|Any CPU
		Release|Any CPU = Release|Any CPU
		Sandbox|Any CPU = Sandbox|Any CPU
		Staging|Any CPU = Staging|Any CPU
	EndGlobalSection
	GlobalSection(ProjectConfigurationPlatforms) = postSolution
		{B3134308-F5A7-463F-BE16-7B3413914601}.Connectria|Any CPU.ActiveCfg = Debug|Any CPU
		{B3134308-F5A7-463F-BE16-7B3413914601}.Connectria|Any CPU.Build.0 = Debug|Any CPU
		{B3134308-F5A7-463F-BE16-7B3413914601}.Debug|Any CPU.ActiveCfg = Debug|Any CPU
		{B3134308-F5A7-463F-BE16-7B3413914601}.Debug|Any CPU.Build.0 = Debug|Any CPU
		{B3134308-F5A7-463F-BE16-7B3413914601}.Release|Any CPU.ActiveCfg = Release|Any CPU
		{B3134308-F5A7-463F-BE16-7B3413914601}.Release|Any CPU.Build.0 = Release|Any CPU
		{B3134308-F5A7-463F-BE16-7B3413914601}.Sandbox|Any CPU.ActiveCfg = Debug|Any CPU
		{B3134308-F5A7-463F-BE16-7B3413914601}.Sandbox|Any CPU.Build.0 = Debug|Any CPU
		{B3134308-F5A7-463F-BE16-7B3413914601}.Staging|Any CPU.ActiveCfg = Debug|Any CPU
		{B3134308-F5A7-463F-BE16-7B3413914601}.Staging|Any CPU.Build.0 = Debug|Any CPU
	EndGlobalSection
	GlobalSection(SolutionProperties) = preSolution
		HideSolutionNode = FALSE
	EndGlobalSection
	GlobalSection(ExtensibilityGlobals) = postSolution
		SolutionGuid = {0E27C03E-9038-462C-A213-6994AD23BA27}
	EndGlobalSection
EndGlobal
